
Microsoft Visual Studio Solution File, Format Version 12.00
# Visual Studio Version 16
VisualStudioVersion = 16.0.31424.327
MinimumVisualStudioVersion = 10.0.40219.1
Project("{FAE04EC0-301F-11D3-BF4B-00C04F79EFBC}") = "LetterLoops", "LetterLoops\LetterLoops.csproj", "{AF1C72A8-1F13-43A3-957E-1CDADBB08A16}"
EndProject
Global
	GlobalSection(SolutionConfigurationPlatforms) = preSolution
		Debug|Any CPU = Debug|Any CPU
		Release|Any CPU = Release|Any CPU
	EndGlobalSection
	GlobalSection(ProjectConfigurationPlatforms) = postSolution
		{AF1C72A8-1F13-43A3-957E-1CDADBB08A16}.Debug|Any CPU.ActiveCfg = Debug|Any CPU
		{AF1C72A8-1F13-43A3-957E-1CDADBB08A16}.Debug|Any CPU.Build.0 = Debug|Any CPU
		{AF1C72A8-1F13-43A3-957E-1CDADBB08A16}.Release|Any CPU.ActiveCfg = Release|Any CPU
		{AF1C72A8-1F13-43A3-957E-1CDADBB08A16}.Release|Any CPU.Build.0 = Release|Any CPU
	EndGlobalSection
	GlobalSection(SolutionProperties) = preSolution
		HideSolutionNode = FALSE
	EndGlobalSection
	GlobalSection(ExtensibilityGlobals) = postSolution
		SolutionGuid = {CC9AD5C6-8EDE-44E3-AB26-6D74AF0AAE50}
	EndGlobalSection
EndGlobal
